<?xml version="1.0" encoding="utf-8"?>
<Project ToolsVersion="4.0" xmlns="http://schemas.microsoft.com/developer/msbuild/2003">
  <ItemGroup>
    <Filter Include="Source Files">
      <UniqueIdentifier>{4FC737F1-C7A5-4376-A066-2A32D752A2FF}</UniqueIdentifier>
      <Extensions>cpp;c;cc;cxx;c++;cppm;ixx;def;odl;idl;hpj;bat;asm;asmx</Extensions>
    </Filter>
    <Filter Include="Header Files">
      <UniqueIdentifier>{93995380-89BD-4b04-88EB-625FBE52EBFB}</UniqueIdentifier>
      <Extensions>h;hh;hpp;hxx;h++;hm;inl;inc;ipp;xsd</Extensions>
    </Filter>
    <Filter Include="Resource Files">
      <UniqueIdentifier>{67DA6AB6-F800-4c08-8B7A-83BB121AAD01}</UniqueIdentifier>
      <Extensions>rc;ico;cur;bmp;dlg;rc2;rct;bin;rgs;gif;jpg;jpeg;jpe;resx;tiff;tif;png;wav;mfcribbon-ms</Extensions>
    </Filter>
    <Filter Include="Header Files\GameSystem">
      <UniqueIdentifier>{c8a6538b-8acc-4dd7-9876-fcef6941bf22}</UniqueIdentifier>
    </Filter>
    <Filter Include="Header Files\GameSystem\Data">
      <UniqueIdentifier>{b05e37e0-5810-4155-9b01-f4d2cf1ab965}</UniqueIdentifier>
    </Filter>
    <Filter Include="Header Files\GameSystem\Control">
      <UniqueIdentifier>{d75b089e-ba86-4e70-b470-bea8cc041818}</UniqueIdentifier>
    </Filter>
    <Filter Include="Header Files\GameObjects">
      <UniqueIdentifier>{407cb634-4f6e-42b9-b9ed-30f7d3bc62e8}</UniqueIdentifier>
    </Filter>
    <Filter Include="Header Files\GameObjects\DoNotTouch">
      <UniqueIdentifier>{3c89b597-5dbb-4d74-9b5f-809b0b5a09e8}</UniqueIdentifier>
    </Filter>
    <Filter Include="Header Files\GameObjects\Buttons">
      <UniqueIdentifier>{54674764-fe76-41bd-8cc2-659d00fd392b}</UniqueIdentifier>
    </Filter>
    <Filter Include="Header Files\GameObjects\Shapes">
      <UniqueIdentifier>{b1acafa8-3c17-427d-ab19-276ddcd9e7f0}</UniqueIdentifier>
    </Filter>
    <Filter Include="Source Files\GameSystem">
      <UniqueIdentifier>{5a57fae6-7afb-498f-91ee-9ff057d646dc}</UniqueIdentifier>
    </Filter>
    <Filter Include="Source Files\GameSystem\Data">
      <UniqueIdentifier>{9f3f333b-7d44-45a5-90c3-77cc0aaf738c}</UniqueIdentifier>
    </Filter>
    <Filter Include="Source Files\GameSystem\Control">
      <UniqueIdentifier>{cca8adc6-d681-4b39-a586-20b7e8b64b14}</UniqueIdentifier>
    </Filter>
    <Filter Include="Source Files\GameObjects">
      <UniqueIdentifier>{d02fccb8-e038-4997-9f7d-4a8f852a3eef}</UniqueIdentifier>
    </Filter>
    <Filter Include="Source Files\GameObjects\Buttons">
      <UniqueIdentifier>{6828f15b-abb0-4345-b156-426810e12f52}</UniqueIdentifier>
    </Filter>
    <Filter Include="Source Files\GameObjects\Shapes">
      <UniqueIdentifier>{818f425d-e467-4078-ba93-6e28a1939561}</UniqueIdentifier>
    </Filter>
    <Filter Include="Source Files\GameObjects\Scene">
      <UniqueIdentifier>{b6f00353-afef-454f-b273-1ac472b39613}</UniqueIdentifier>
    </Filter>
    <Filter Include="Header Files\GameObjects\Scene">
      <UniqueIdentifier>{62d90c44-f0ab-4a4b-a978-690aa097d6cf}</UniqueIdentifier>
    </Filter>
    <Filter Include="Header Files\IncludeHeaders">
      <UniqueIdentifier>{9d959843-9e6e-4a5d-8f82-517f49d5e0ca}</UniqueIdentifier>
    </Filter>
  </ItemGroup>
  <ItemGroup>
    <ClCompile Include="StateData.cpp">
      <Filter>Source Files\GameSystem\Data</Filter>
    </ClCompile>
    <ClCompile Include="StateControl.cpp">
      <Filter>Source Files\GameSystem\Control</Filter>
    </ClCompile>
    <ClCompile Include="SceneControl.cpp">
      <Filter>Source Files\GameSystem\Control</Filter>
    </ClCompile>
    <ClCompile Include="GameWindow.cpp">
      <Filter>Source Files\GameSystem\Data</Filter>
    </ClCompile>
    <ClCompile Include="EventControl.cpp">
      <Filter>Source Files\GameSystem\Control</Filter>
    </ClCompile>
    <ClCompile Include="SceneData.cpp">
      <Filter>Source Files\GameSystem\Data</Filter>
    </ClCompile>
    <ClCompile Include="Main.cpp">
      <Filter>Source Files\GameSystem</Filter>
    </ClCompile>
    <ClCompile Include="TextButton.cpp">
      <Filter>Source Files\GameObjects\Buttons</Filter>
    </ClCompile>
    <ClCompile Include="GameRectangle.cpp">
      <Filter>Source Files\GameObjects\Shapes</Filter>
    </ClCompile>
    <ClCompile Include="GameCircle.cpp">
      <Filter>Source Files\GameObjects\Shapes</Filter>
    </ClCompile>
    <ClCompile Include="TextBox.cpp">
      <Filter>Source Files\GameObjects\Shapes</Filter>
    </ClCompile>
    <ClCompile Include="GamePolygon.cpp">
      <Filter>Source Files\GameObjects\Shapes</Filter>
    </ClCompile>
    <ClCompile Include="GameScene.cpp">
      <Filter>Source Files\GameObjects\Scene</Filter>
    </ClCompile>
    <ClCompile Include="RectangleButton.cpp">
      <Filter>Source Files\GameObjects\Buttons</Filter>
    </ClCompile>
  </ItemGroup>
  <ItemGroup>
    <ClInclude Include="GameDrawable.hpp">
      <Filter>Header Files\GameObjects\DoNotTouch</Filter>
    </ClInclude>
    <ClInclude Include="TextButton.hpp">
      <Filter>Header Files\GameObjects\Buttons</Filter>
    </ClInclude>
    <ClInclude Include="StateData.hpp">
      <Filter>Header Files\GameSystem\Data</Filter>
    </ClInclude>
    <ClInclude Include="StateControl.hpp">
      <Filter>Header Files\GameSystem\Control</Filter>
    </ClInclude>
    <ClInclude Include="SceneControl.hpp">
      <Filter>Header Files\GameSystem\Control</Filter>
    </ClInclude>
    <ClInclude Include="GameWindow.hpp">
      <Filter>Header Files\GameSystem\Data</Filter>
    </ClInclude>
    <ClInclude Include="SceneData.hpp">
      <Filter>Header Files\GameSystem\Data</Filter>
    </ClInclude>
    <ClInclude Include="EventControl.hpp">
      <Filter>Header Files\GameSystem\Control</Filter>
    </ClInclude>
    <ClInclude Include="GameRectangle.hpp">
      <Filter>Header Files\GameObjects\Shapes</Filter>
    </ClInclude>
    <ClInclude Include="GameShape.hpp">
      <Filter>Header Files\GameObjects\DoNotTouch</Filter>
    </ClInclude>
    <ClInclude Include="GameCircle.hpp">
      <Filter>Header Files\GameObjects\Shapes</Filter>
    </ClInclude>
    <ClInclude Include="GameButton.hpp">
      <Filter>Header Files\GameObjects\Buttons</Filter>
    </ClInclude>
    <ClInclude Include="GamePolygon.hpp">
      <Filter>Header Files\GameObjects\Shapes</Filter>
    </ClInclude>
    <ClInclude Include="TextBox.hpp">
      <Filter>Header Files\GameObjects\Shapes</Filter>
    </ClInclude>
    <ClInclude Include="GameScene.hpp">
      <Filter>Header Files\GameObjects\Scene</Filter>
    </ClInclude>
    <ClInclude Include="GameObjects.hpp">
      <Filter>Header Files\IncludeHeaders</Filter>
    </ClInclude>
    <ClInclude Include="RectangleButton.hpp">
      <Filter>Header Files\GameObjects\Buttons</Filter>
    </ClInclude>
    <ClInclude Include="TextImplement.hpp">
      <Filter>Header Files\GameObjects\DoNotTouch</Filter>
    </ClInclude>
  </ItemGroup>
</Project>